
Microsoft Visual Studio Solution File, Format Version 12.00
# Visual Studio Version 17
VisualStudioVersion = 17.0.31903.59
MinimumVisualStudioVersion = 10.0.40219.1
Project("{2150E333-8FDC-42A3-9474-1A3956D46DE8}") = "Library", "Library", "{54C732AB-ADC8-49DF-8C76-7C32CB325217}"
EndProject
Project("{FAE04EC0-301F-11D3-BF4B-00C04F79EFBC}") = "Kanri.Communication", "Library\Kanri.Communication\Kanri.Communication.csproj", "{1E8A5C4D-36EA-4229-9055-A0A3490F28E5}"
EndProject
Project("{FAE04EC0-301F-11D3-BF4B-00C04F79EFBC}") = "Kanri.Exception", "Library\Kanri.Exception\Kanri.Exception.csproj", "{319585E1-68AF-4F6B-AB67-375E1D7164D5}"
EndProject
Project("{2150E333-8FDC-42A3-9474-1A3956D46DE8}") = "Source", "Source", "{3C7A24B4-BEDC-4B28-8B85-0A6EB565E431}"
EndProject
Project("{FAE04EC0-301F-11D3-BF4B-00C04F79EFBC}") = "Kanri.API", "Source\Kanri.API\Kanri.API.csproj", "{09D7245A-2DCC-4B41-BDE8-B53D0487BCBE}"
EndProject
Project("{FAE04EC0-301F-11D3-BF4B-00C04F79EFBC}") = "Kanri.Application", "Source\Kanri.Application\Kanri.Application.csproj", "{21BAA1B8-1A60-4A62-B935-D3483C99A64C}"
EndProject
Project("{FAE04EC0-301F-11D3-BF4B-00C04F79EFBC}") = "Kanri.Domain", "Source\Kanri.Domain\Kanri.Domain.csproj", "{1FD723DD-479D-49C2-A02A-B18677C053C6}"
EndProject
Project("{FAE04EC0-301F-11D3-BF4B-00C04F79EFBC}") = "Kanri.Infra", "Source\Kanri.Infra\Kanri.Infra.csproj", "{B6E5CEE8-E802-493C-BFC2-23C68449EF39}"
EndProject
Global
	GlobalSection(SolutionConfigurationPlatforms) = preSolution
		Debug|Any CPU = Debug|Any CPU
		Release|Any CPU = Release|Any CPU
	EndGlobalSection
	GlobalSection(SolutionProperties) = preSolution
		HideSolutionNode = FALSE
	EndGlobalSection
	GlobalSection(ProjectConfigurationPlatforms) = postSolution
		{1E8A5C4D-36EA-4229-9055-A0A3490F28E5}.Debug|Any CPU.ActiveCfg = Debug|Any CPU
		{1E8A5C4D-36EA-4229-9055-A0A3490F28E5}.Debug|Any CPU.Build.0 = Debug|Any CPU
		{1E8A5C4D-36EA-4229-9055-A0A3490F28E5}.Release|Any CPU.ActiveCfg = Release|Any CPU
		{1E8A5C4D-36EA-4229-9055-A0A3490F28E5}.Release|Any CPU.Build.0 = Release|Any CPU
		{319585E1-68AF-4F6B-AB67-375E1D7164D5}.Debug|Any CPU.ActiveCfg = Debug|Any CPU
		{319585E1-68AF-4F6B-AB67-375E1D7164D5}.Debug|Any CPU.Build.0 = Debug|Any CPU
		{319585E1-68AF-4F6B-AB67-375E1D7164D5}.Release|Any CPU.ActiveCfg = Release|Any CPU
		{319585E1-68AF-4F6B-AB67-375E1D7164D5}.Release|Any CPU.Build.0 = Release|Any CPU
		{09D7245A-2DCC-4B41-BDE8-B53D0487BCBE}.Debug|Any CPU.ActiveCfg = Debug|Any CPU
		{09D7245A-2DCC-4B41-BDE8-B53D0487BCBE}.Debug|Any CPU.Build.0 = Debug|Any CPU
		{09D7245A-2DCC-4B41-BDE8-B53D0487BCBE}.Release|Any CPU.ActiveCfg = Release|Any CPU
		{09D7245A-2DCC-4B41-BDE8-B53D0487BCBE}.Release|Any CPU.Build.0 = Release|Any CPU
		{21BAA1B8-1A60-4A62-B935-D3483C99A64C}.Debug|Any CPU.ActiveCfg = Debug|Any CPU
		{21BAA1B8-1A60-4A62-B935-D3483C99A64C}.Debug|Any CPU.Build.0 = Debug|Any CPU
		{21BAA1B8-1A60-4A62-B935-D3483C99A64C}.Release|Any CPU.ActiveCfg = Release|Any CPU
		{21BAA1B8-1A60-4A62-B935-D3483C99A64C}.Release|Any CPU.Build.0 = Release|Any CPU
		{1FD723DD-479D-49C2-A02A-B18677C053C6}.Debug|Any CPU.ActiveCfg = Debug|Any CPU
		{1FD723DD-479D-49C2-A02A-B18677C053C6}.Debug|Any CPU.Build.0 = Debug|Any CPU
		{1FD723DD-479D-49C2-A02A-B18677C053C6}.Release|Any CPU.ActiveCfg = Release|Any CPU
		{1FD723DD-479D-49C2-A02A-B18677C053C6}.Release|Any CPU.Build.0 = Release|Any CPU
		{B6E5CEE8-E802-493C-BFC2-23C68449EF39}.Debug|Any CPU.ActiveCfg = Debug|Any CPU
		{B6E5CEE8-E802-493C-BFC2-23C68449EF39}.Debug|Any CPU.Build.0 = Debug|Any CPU
		{B6E5CEE8-E802-493C-BFC2-23C68449EF39}.Release|Any CPU.ActiveCfg = Release|Any CPU
		{B6E5CEE8-E802-493C-BFC2-23C68449EF39}.Release|Any CPU.Build.0 = Release|Any CPU
	EndGlobalSection
	GlobalSection(NestedProjects) = preSolution
		{1E8A5C4D-36EA-4229-9055-A0A3490F28E5} = {54C732AB-ADC8-49DF-8C76-7C32CB325217}
		{319585E1-68AF-4F6B-AB67-375E1D7164D5} = {54C732AB-ADC8-49DF-8C76-7C32CB325217}
		{09D7245A-2DCC-4B41-BDE8-B53D0487BCBE} = {3C7A24B4-BEDC-4B28-8B85-0A6EB565E431}
		{21BAA1B8-1A60-4A62-B935-D3483C99A64C} = {3C7A24B4-BEDC-4B28-8B85-0A6EB565E431}
		{1FD723DD-479D-49C2-A02A-B18677C053C6} = {3C7A24B4-BEDC-4B28-8B85-0A6EB565E431}
		{B6E5CEE8-E802-493C-BFC2-23C68449EF39} = {3C7A24B4-BEDC-4B28-8B85-0A6EB565E431}
	EndGlobalSection
EndGlobal
